
Microsoft Visual Studio Solution File, Format Version 12.00
# Visual Studio 2012
Project("{FAE04EC0-301F-11D3-BF4B-00C04F79EFBC}") = "Jewellery.Web", "Jewellery.Web\Jewellery.Web.csproj", "{1A802DB7-CBF0-4278-8B77-7675206AC81C}"
EndProject
Global
	GlobalSection(SolutionConfigurationPlatforms) = preSolution
		Debug|Any CPU = Debug|Any CPU
		Release|Any CPU = Release|Any CPU
	EndGlobalSection
	GlobalSection(ProjectConfigurationPlatforms) = postSolution
		{1A802DB7-CBF0-4278-8B77-7675206AC81C}.Debug|Any CPU.ActiveCfg = Debug|Any CPU
		{1A802DB7-CBF0-4278-8B77-7675206AC81C}.Debug|Any CPU.Build.0 = Debug|Any CPU
		{1A802DB7-CBF0-4278-8B77-7675206AC81C}.Release|Any CPU.ActiveCfg = Release|Any CPU
		{1A802DB7-CBF0-4278-8B77-7675206AC81C}.Release|Any CPU.Build.0 = Release|Any CPU
	EndGlobalSection
	GlobalSection(SolutionProperties) = preSolution
		HideSolutionNode = FALSE
	EndGlobalSection
EndGlobal
